
Microsoft Visual Studio Solution File, Format Version 12.00
# Visual Studio Version 17
VisualStudioVersion = 17.0.31903.59
MinimumVisualStudioVersion = 10.0.40219.1
Project("{2150E333-8FDC-42A3-9474-1A3956D46DE8}") = "src", "src", "{827E0CD3-B72D-47B6-A68D-7590B98EB39B}"
EndProject
Project("{2150E333-8FDC-42A3-9474-1A3956D46DE8}") = "BuildingBlocks", "BuildingBlocks", "{90298CBA-BD6F-3A0A-69D5-97CAD7B05E7E}"
EndProject
Project("{FAE04EC0-301F-11D3-BF4B-00C04F79EFBC}") = "BuildingBlocks.EventBus", "src\BuildingBlocks\BuildingBlocks.EventBus\BuildingBlocks.EventBus.csproj", "{5450A176-D38E-419B-8F34-01E29090FC18}"
EndProject
Project("{FAE04EC0-301F-11D3-BF4B-00C04F79EFBC}") = "BuildingBlocks.Contracts", "src\BuildingBlocks\BuildingBlocks.Contracts\BuildingBlocks.Contracts.csproj", "{BE959650-04FC-4FDF-B172-9F42A6EF63E8}"
EndProject
Project("{FAE04EC0-301F-11D3-BF4B-00C04F79EFBC}") = "UserService.Api", "src\UserService\UserService.Api\UserService.Api.csproj", "{64430F25-4D2E-455F-AF62-0CAF2C171390}"
EndProject
Project("{FAE04EC0-301F-11D3-BF4B-00C04F79EFBC}") = "UserService.Domain", "src\UserService\UserService.Domain\UserService.Domain.csproj", "{82C0A581-0CBC-4C2B-A406-A8C037039F17}"
EndProject
Project("{FAE04EC0-301F-11D3-BF4B-00C04F79EFBC}") = "UserService.Application", "src\UserService\UserService.Application\UserService.Application.csproj", "{357B5B94-9005-43C0-A26B-6D9F1540810C}"
EndProject
Project("{FAE04EC0-301F-11D3-BF4B-00C04F79EFBC}") = "UserService.Infrastructure", "src\UserService\UserService.Infrastructure\UserService.Infrastructure.csproj", "{1CEC8A5E-4198-4557-B313-C113A2EE8704}"
EndProject
Project("{FAE04EC0-301F-11D3-BF4B-00C04F79EFBC}") = "ProductService.Api", "src\ProductService\ProductService.Api\ProductService.Api.csproj", "{8BE3CC2B-490E-435E-B308-8224D193A270}"
EndProject
Project("{FAE04EC0-301F-11D3-BF4B-00C04F79EFBC}") = "ProductService.Domain", "src\ProductService\ProductService.Domain\ProductService.Domain.csproj", "{1B6303B6-EA04-4D74-9F04-0C3A63E5FDE8}"
EndProject
Project("{FAE04EC0-301F-11D3-BF4B-00C04F79EFBC}") = "ProductService.Application", "src\ProductService\ProductService.Application\ProductService.Application.csproj", "{341B57CD-FFA4-41D9-9DBD-2C4E1E4A4A2C}"
EndProject
Project("{FAE04EC0-301F-11D3-BF4B-00C04F79EFBC}") = "ProductService.Infrastructure", "src\ProductService\ProductService.Infrastructure\ProductService.Infrastructure.csproj", "{C30B122A-A12D-43C4-9152-2E383A857838}"
EndProject
Project("{FAE04EC0-301F-11D3-BF4B-00C04F79EFBC}") = "SalesService.Api", "src\SalesService\SalesService.Api\SalesService.Api.csproj", "{A6241D29-BF67-4746-828C-F200460386AF}"
EndProject
Project("{FAE04EC0-301F-11D3-BF4B-00C04F79EFBC}") = "SalesService.Domain", "src\SalesService\SalesService.Domain\SalesService.Domain.csproj", "{38BDB3FE-6644-4AFE-A5C3-D0AF4DD44914}"
EndProject
Project("{FAE04EC0-301F-11D3-BF4B-00C04F79EFBC}") = "SalesService.Application", "src\SalesService\SalesService.Application\SalesService.Application.csproj", "{C3CB81E9-09FD-4A2D-A8EB-237262155250}"
EndProject
Project("{FAE04EC0-301F-11D3-BF4B-00C04F79EFBC}") = "SalesService.Infrastructure", "src\SalesService\SalesService.Infrastructure\SalesService.Infrastructure.csproj", "{65B9B269-7029-40C6-9785-393C2374DDD6}"
EndProject
Project("{FAE04EC0-301F-11D3-BF4B-00C04F79EFBC}") = "NotificationService.Worker", "src\NotificationService\NotificationService.Worker\NotificationService.Worker.csproj", "{319808F9-22D6-45D2-80D7-2094243022BF}"
EndProject
Project("{2150E333-8FDC-42A3-9474-1A3956D46DE8}") = "ApiGateway", "ApiGateway", "{FCA01246-F2C6-0AA7-D43F-FD13BE0B9D88}"
EndProject
Project("{FAE04EC0-301F-11D3-BF4B-00C04F79EFBC}") = "ApiGateway.Api", "src\ApiGateway\ApiGateway.Api\ApiGateway.Api.csproj", "{F6CBA01A-1BF5-4913-8E71-93BB77B3158A}"
EndProject
Global
	GlobalSection(SolutionConfigurationPlatforms) = preSolution
		Debug|Any CPU = Debug|Any CPU
		Debug|x64 = Debug|x64
		Debug|x86 = Debug|x86
		Release|Any CPU = Release|Any CPU
		Release|x64 = Release|x64
		Release|x86 = Release|x86
	EndGlobalSection
	GlobalSection(ProjectConfigurationPlatforms) = postSolution
		{5450A176-D38E-419B-8F34-01E29090FC18}.Debug|Any CPU.ActiveCfg = Debug|Any CPU
		{5450A176-D38E-419B-8F34-01E29090FC18}.Debug|Any CPU.Build.0 = Debug|Any CPU
		{5450A176-D38E-419B-8F34-01E29090FC18}.Debug|x64.ActiveCfg = Debug|Any CPU
		{5450A176-D38E-419B-8F34-01E29090FC18}.Debug|x64.Build.0 = Debug|Any CPU
		{5450A176-D38E-419B-8F34-01E29090FC18}.Debug|x86.ActiveCfg = Debug|Any CPU
		{5450A176-D38E-419B-8F34-01E29090FC18}.Debug|x86.Build.0 = Debug|Any CPU
		{5450A176-D38E-419B-8F34-01E29090FC18}.Release|Any CPU.ActiveCfg = Release|Any CPU
		{5450A176-D38E-419B-8F34-01E29090FC18}.Release|Any CPU.Build.0 = Release|Any CPU
		{5450A176-D38E-419B-8F34-01E29090FC18}.Release|x64.ActiveCfg = Release|Any CPU
		{5450A176-D38E-419B-8F34-01E29090FC18}.Release|x64.Build.0 = Release|Any CPU
		{5450A176-D38E-419B-8F34-01E29090FC18}.Release|x86.ActiveCfg = Release|Any CPU
		{5450A176-D38E-419B-8F34-01E29090FC18}.Release|x86.Build.0 = Release|Any CPU
		{BE959650-04FC-4FDF-B172-9F42A6EF63E8}.Debug|Any CPU.ActiveCfg = Debug|Any CPU
		{BE959650-04FC-4FDF-B172-9F42A6EF63E8}.Debug|Any CPU.Build.0 = Debug|Any CPU
		{BE959650-04FC-4FDF-B172-9F42A6EF63E8}.Debug|x64.ActiveCfg = Debug|Any CPU
		{BE959650-04FC-4FDF-B172-9F42A6EF63E8}.Debug|x64.Build.0 = Debug|Any CPU
		{BE959650-04FC-4FDF-B172-9F42A6EF63E8}.Debug|x86.ActiveCfg = Debug|Any CPU
		{BE959650-04FC-4FDF-B172-9F42A6EF63E8}.Debug|x86.Build.0 = Debug|Any CPU
		{BE959650-04FC-4FDF-B172-9F42A6EF63E8}.Release|Any CPU.ActiveCfg = Release|Any CPU
		{BE959650-04FC-4FDF-B172-9F42A6EF63E8}.Release|Any CPU.Build.0 = Release|Any CPU
		{BE959650-04FC-4FDF-B172-9F42A6EF63E8}.Release|x64.ActiveCfg = Release|Any CPU
		{BE959650-04FC-4FDF-B172-9F42A6EF63E8}.Release|x64.Build.0 = Release|Any CPU
		{BE959650-04FC-4FDF-B172-9F42A6EF63E8}.Release|x86.ActiveCfg = Release|Any CPU
		{BE959650-04FC-4FDF-B172-9F42A6EF63E8}.Release|x86.Build.0 = Release|Any CPU
		{64430F25-4D2E-455F-AF62-0CAF2C171390}.Debug|Any CPU.ActiveCfg = Debug|Any CPU
		{64430F25-4D2E-455F-AF62-0CAF2C171390}.Debug|Any CPU.Build.0 = Debug|Any CPU
		{64430F25-4D2E-455F-AF62-0CAF2C171390}.Debug|x64.ActiveCfg = Debug|Any CPU
		{64430F25-4D2E-455F-AF62-0CAF2C171390}.Debug|x64.Build.0 = Debug|Any CPU
		{64430F25-4D2E-455F-AF62-0CAF2C171390}.Debug|x86.ActiveCfg = Debug|Any CPU
		{64430F25-4D2E-455F-AF62-0CAF2C171390}.Debug|x86.Build.0 = Debug|Any CPU
		{64430F25-4D2E-455F-AF62-0CAF2C171390}.Release|Any CPU.ActiveCfg = Release|Any CPU
		{64430F25-4D2E-455F-AF62-0CAF2C171390}.Release|Any CPU.Build.0 = Release|Any CPU
		{64430F25-4D2E-455F-AF62-0CAF2C171390}.Release|x64.ActiveCfg = Release|Any CPU
		{64430F25-4D2E-455F-AF62-0CAF2C171390}.Release|x64.Build.0 = Release|Any CPU
		{64430F25-4D2E-455F-AF62-0CAF2C171390}.Release|x86.ActiveCfg = Release|Any CPU
		{64430F25-4D2E-455F-AF62-0CAF2C171390}.Release|x86.Build.0 = Release|Any CPU
		{82C0A581-0CBC-4C2B-A406-A8C037039F17}.Debug|Any CPU.ActiveCfg = Debug|Any CPU
		{82C0A581-0CBC-4C2B-A406-A8C037039F17}.Debug|Any CPU.Build.0 = Debug|Any CPU
		{82C0A581-0CBC-4C2B-A406-A8C037039F17}.Debug|x64.ActiveCfg = Debug|Any CPU
		{82C0A581-0CBC-4C2B-A406-A8C037039F17}.Debug|x64.Build.0 = Debug|Any CPU
		{82C0A581-0CBC-4C2B-A406-A8C037039F17}.Debug|x86.ActiveCfg = Debug|Any CPU
		{82C0A581-0CBC-4C2B-A406-A8C037039F17}.Debug|x86.Build.0 = Debug|Any CPU
		{82C0A581-0CBC-4C2B-A406-A8C037039F17}.Release|Any CPU.ActiveCfg = Release|Any CPU
		{82C0A581-0CBC-4C2B-A406-A8C037039F17}.Release|Any CPU.Build.0 = Release|Any CPU
		{82C0A581-0CBC-4C2B-A406-A8C037039F17}.Release|x64.ActiveCfg = Release|Any CPU
		{82C0A581-0CBC-4C2B-A406-A8C037039F17}.Release|x64.Build.0 = Release|Any CPU
		{82C0A581-0CBC-4C2B-A406-A8C037039F17}.Release|x86.ActiveCfg = Release|Any CPU
		{82C0A581-0CBC-4C2B-A406-A8C037039F17}.Release|x86.Build.0 = Release|Any CPU
		{357B5B94-9005-43C0-A26B-6D9F1540810C}.Debug|Any CPU.ActiveCfg = Debug|Any CPU
		{357B5B94-9005-43C0-A26B-6D9F1540810C}.Debug|Any CPU.Build.0 = Debug|Any CPU
		{357B5B94-9005-43C0-A26B-6D9F1540810C}.Debug|x64.ActiveCfg = Debug|Any CPU
		{357B5B94-9005-43C0-A26B-6D9F1540810C}.Debug|x64.Build.0 = Debug|Any CPU
		{357B5B94-9005-43C0-A26B-6D9F1540810C}.Debug|x86.ActiveCfg = Debug|Any CPU
		{357B5B94-9005-43C0-A26B-6D9F1540810C}.Debug|x86.Build.0 = Debug|Any CPU
		{357B5B94-9005-43C0-A26B-6D9F1540810C}.Release|Any CPU.ActiveCfg = Release|Any CPU
		{357B5B94-9005-43C0-A26B-6D9F1540810C}.Release|Any CPU.Build.0 = Release|Any CPU
		{357B5B94-9005-43C0-A26B-6D9F1540810C}.Release|x64.ActiveCfg = Release|Any CPU
		{357B5B94-9005-43C0-A26B-6D9F1540810C}.Release|x64.Build.0 = Release|Any CPU
		{357B5B94-9005-43C0-A26B-6D9F1540810C}.Release|x86.ActiveCfg = Release|Any CPU
		{357B5B94-9005-43C0-A26B-6D9F1540810C}.Release|x86.Build.0 = Release|Any CPU
		{1CEC8A5E-4198-4557-B313-C113A2EE8704}.Debug|Any CPU.ActiveCfg = Debug|Any CPU
		{1CEC8A5E-4198-4557-B313-C113A2EE8704}.Debug|Any CPU.Build.0 = Debug|Any CPU
		{1CEC8A5E-4198-4557-B313-C113A2EE8704}.Debug|x64.ActiveCfg = Debug|Any CPU
		{1CEC8A5E-4198-4557-B313-C113A2EE8704}.Debug|x64.Build.0 = Debug|Any CPU
		{1CEC8A5E-4198-4557-B313-C113A2EE8704}.Debug|x86.ActiveCfg = Debug|Any CPU
		{1CEC8A5E-4198-4557-B313-C113A2EE8704}.Debug|x86.Build.0 = Debug|Any CPU
		{1CEC8A5E-4198-4557-B313-C113A2EE8704}.Release|Any CPU.ActiveCfg = Release|Any CPU
		{1CEC8A5E-4198-4557-B313-C113A2EE8704}.Release|Any CPU.Build.0 = Release|Any CPU
		{1CEC8A5E-4198-4557-B313-C113A2EE8704}.Release|x64.ActiveCfg = Release|Any CPU
		{1CEC8A5E-4198-4557-B313-C113A2EE8704}.Release|x64.Build.0 = Release|Any CPU
		{1CEC8A5E-4198-4557-B313-C113A2EE8704}.Release|x86.ActiveCfg = Release|Any CPU
		{1CEC8A5E-4198-4557-B313-C113A2EE8704}.Release|x86.Build.0 = Release|Any CPU
		{8BE3CC2B-490E-435E-B308-8224D193A270}.Debug|Any CPU.ActiveCfg = Debug|Any CPU
		{8BE3CC2B-490E-435E-B308-8224D193A270}.Debug|Any CPU.Build.0 = Debug|Any CPU
		{8BE3CC2B-490E-435E-B308-8224D193A270}.Debug|x64.ActiveCfg = Debug|Any CPU
		{8BE3CC2B-490E-435E-B308-8224D193A270}.Debug|x64.Build.0 = Debug|Any CPU
		{8BE3CC2B-490E-435E-B308-8224D193A270}.Debug|x86.ActiveCfg = Debug|Any CPU
		{8BE3CC2B-490E-435E-B308-8224D193A270}.Debug|x86.Build.0 = Debug|Any CPU
		{8BE3CC2B-490E-435E-B308-8224D193A270}.Release|Any CPU.ActiveCfg = Release|Any CPU
		{8BE3CC2B-490E-435E-B308-8224D193A270}.Release|Any CPU.Build.0 = Release|Any CPU
		{8BE3CC2B-490E-435E-B308-8224D193A270}.Release|x64.ActiveCfg = Release|Any CPU
		{8BE3CC2B-490E-435E-B308-8224D193A270}.Release|x64.Build.0 = Release|Any CPU
		{8BE3CC2B-490E-435E-B308-8224D193A270}.Release|x86.ActiveCfg = Release|Any CPU
		{8BE3CC2B-490E-435E-B308-8224D193A270}.Release|x86.Build.0 = Release|Any CPU
		{1B6303B6-EA04-4D74-9F04-0C3A63E5FDE8}.Debug|Any CPU.ActiveCfg = Debug|Any CPU
		{1B6303B6-EA04-4D74-9F04-0C3A63E5FDE8}.Debug|Any CPU.Build.0 = Debug|Any CPU
		{1B6303B6-EA04-4D74-9F04-0C3A63E5FDE8}.Debug|x64.ActiveCfg = Debug|Any CPU
		{1B6303B6-EA04-4D74-9F04-0C3A63E5FDE8}.Debug|x64.Build.0 = Debug|Any CPU
		{1B6303B6-EA04-4D74-9F04-0C3A63E5FDE8}.Debug|x86.ActiveCfg = Debug|Any CPU
		{1B6303B6-EA04-4D74-9F04-0C3A63E5FDE8}.Debug|x86.Build.0 = Debug|Any CPU
		{1B6303B6-EA04-4D74-9F04-0C3A63E5FDE8}.Release|Any CPU.ActiveCfg = Release|Any CPU
		{1B6303B6-EA04-4D74-9F04-0C3A63E5FDE8}.Release|Any CPU.Build.0 = Release|Any CPU
		{1B6303B6-EA04-4D74-9F04-0C3A63E5FDE8}.Release|x64.ActiveCfg = Release|Any CPU
		{1B6303B6-EA04-4D74-9F04-0C3A63E5FDE8}.Release|x64.Build.0 = Release|Any CPU
		{1B6303B6-EA04-4D74-9F04-0C3A63E5FDE8}.Release|x86.ActiveCfg = Release|Any CPU
		{1B6303B6-EA04-4D74-9F04-0C3A63E5FDE8}.Release|x86.Build.0 = Release|Any CPU
		{341B57CD-FFA4-41D9-9DBD-2C4E1E4A4A2C}.Debug|Any CPU.ActiveCfg = Debug|Any CPU
		{341B57CD-FFA4-41D9-9DBD-2C4E1E4A4A2C}.Debug|Any CPU.Build.0 = Debug|Any CPU
		{341B57CD-FFA4-41D9-9DBD-2C4E1E4A4A2C}.Debug|x64.ActiveCfg = Debug|Any CPU
		{341B57CD-FFA4-41D9-9DBD-2C4E1E4A4A2C}.Debug|x64.Build.0 = Debug|Any CPU
		{341B57CD-FFA4-41D9-9DBD-2C4E1E4A4A2C}.Debug|x86.ActiveCfg = Debug|Any CPU
		{341B57CD-FFA4-41D9-9DBD-2C4E1E4A4A2C}.Debug|x86.Build.0 = Debug|Any CPU
		{341B57CD-FFA4-41D9-9DBD-2C4E1E4A4A2C}.Release|Any CPU.ActiveCfg = Release|Any CPU
		{341B57CD-FFA4-41D9-9DBD-2C4E1E4A4A2C}.Release|Any CPU.Build.0 = Release|Any CPU
		{341B57CD-FFA4-41D9-9DBD-2C4E1E4A4A2C}.Release|x64.ActiveCfg = Release|Any CPU
		{341B57CD-FFA4-41D9-9DBD-2C4E1E4A4A2C}.Release|x64.Build.0 = Release|Any CPU
		{341B57CD-FFA4-41D9-9DBD-2C4E1E4A4A2C}.Release|x86.ActiveCfg = Release|Any CPU
		{341B57CD-FFA4-41D9-9DBD-2C4E1E4A4A2C}.Release|x86.Build.0 = Release|Any CPU
		{C30B122A-A12D-43C4-9152-2E383A857838}.Debug|Any CPU.ActiveCfg = Debug|Any CPU
		{C30B122A-A12D-43C4-9152-2E383A857838}.Debug|Any CPU.Build.0 = Debug|Any CPU
		{C30B122A-A12D-43C4-9152-2E383A857838}.Debug|x64.ActiveCfg = Debug|Any CPU
		{C30B122A-A12D-43C4-9152-2E383A857838}.Debug|x64.Build.0 = Debug|Any CPU
		{C30B122A-A12D-43C4-9152-2E383A857838}.Debug|x86.ActiveCfg = Debug|Any CPU
		{C30B122A-A12D-43C4-9152-2E383A857838}.Debug|x86.Build.0 = Debug|Any CPU
		{C30B122A-A12D-43C4-9152-2E383A857838}.Release|Any CPU.ActiveCfg = Release|Any CPU
		{C30B122A-A12D-43C4-9152-2E383A857838}.Release|Any CPU.Build.0 = Release|Any CPU
		{C30B122A-A12D-43C4-9152-2E383A857838}.Release|x64.ActiveCfg = Release|Any CPU
		{C30B122A-A12D-43C4-9152-2E383A857838}.Release|x64.Build.0 = Release|Any CPU
		{C30B122A-A12D-43C4-9152-2E383A857838}.Release|x86.ActiveCfg = Release|Any CPU
		{C30B122A-A12D-43C4-9152-2E383A857838}.Release|x86.Build.0 = Release|Any CPU
		{A6241D29-BF67-4746-828C-F200460386AF}.Debug|Any CPU.ActiveCfg = Debug|Any CPU
		{A6241D29-BF67-4746-828C-F200460386AF}.Debug|Any CPU.Build.0 = Debug|Any CPU
		{A6241D29-BF67-4746-828C-F200460386AF}.Debug|x64.ActiveCfg = Debug|Any CPU
		{A6241D29-BF67-4746-828C-F200460386AF}.Debug|x64.Build.0 = Debug|Any CPU
		{A6241D29-BF67-4746-828C-F200460386AF}.Debug|x86.ActiveCfg = Debug|Any CPU
		{A6241D29-BF67-4746-828C-F200460386AF}.Debug|x86.Build.0 = Debug|Any CPU
		{A6241D29-BF67-4746-828C-F200460386AF}.Release|Any CPU.ActiveCfg = Release|Any CPU
		{A6241D29-BF67-4746-828C-F200460386AF}.Release|Any CPU.Build.0 = Release|Any CPU
		{A6241D29-BF67-4746-828C-F200460386AF}.Release|x64.ActiveCfg = Release|Any CPU
		{A6241D29-BF67-4746-828C-F200460386AF}.Release|x64.Build.0 = Release|Any CPU
		{A6241D29-BF67-4746-828C-F200460386AF}.Release|x86.ActiveCfg = Release|Any CPU
		{A6241D29-BF67-4746-828C-F200460386AF}.Release|x86.Build.0 = Release|Any CPU
		{38BDB3FE-6644-4AFE-A5C3-D0AF4DD44914}.Debug|Any CPU.ActiveCfg = Debug|Any CPU
		{38BDB3FE-6644-4AFE-A5C3-D0AF4DD44914}.Debug|Any CPU.Build.0 = Debug|Any CPU
		{38BDB3FE-6644-4AFE-A5C3-D0AF4DD44914}.Debug|x64.ActiveCfg = Debug|Any CPU
		{38BDB3FE-6644-4AFE-A5C3-D0AF4DD44914}.Debug|x64.Build.0 = Debug|Any CPU
		{38BDB3FE-6644-4AFE-A5C3-D0AF4DD44914}.Debug|x86.ActiveCfg = Debug|Any CPU
		{38BDB3FE-6644-4AFE-A5C3-D0AF4DD44914}.Debug|x86.Build.0 = Debug|Any CPU
		{38BDB3FE-6644-4AFE-A5C3-D0AF4DD44914}.Release|Any CPU.ActiveCfg = Release|Any CPU
		{38BDB3FE-6644-4AFE-A5C3-D0AF4DD44914}.Release|Any CPU.Build.0 = Release|Any CPU
		{38BDB3FE-6644-4AFE-A5C3-D0AF4DD44914}.Release|x64.ActiveCfg = Release|Any CPU
		{38BDB3FE-6644-4AFE-A5C3-D0AF4DD44914}.Release|x64.Build.0 = Release|Any CPU
		{38BDB3FE-6644-4AFE-A5C3-D0AF4DD44914}.Release|x86.ActiveCfg = Release|Any CPU
		{38BDB3FE-6644-4AFE-A5C3-D0AF4DD44914}.Release|x86.Build.0 = Release|Any CPU
		{C3CB81E9-09FD-4A2D-A8EB-237262155250}.Debug|Any CPU.ActiveCfg = Debug|Any CPU
		{C3CB81E9-09FD-4A2D-A8EB-237262155250}.Debug|Any CPU.Build.0 = Debug|Any CPU
		{C3CB81E9-09FD-4A2D-A8EB-237262155250}.Debug|x64.ActiveCfg = Debug|Any CPU
		{C3CB81E9-09FD-4A2D-A8EB-237262155250}.Debug|x64.Build.0 = Debug|Any CPU
		{C3CB81E9-09FD-4A2D-A8EB-237262155250}.Debug|x86.ActiveCfg = Debug|Any CPU
		{C3CB81E9-09FD-4A2D-A8EB-237262155250}.Debug|x86.Build.0 = Debug|Any CPU
		{C3CB81E9-09FD-4A2D-A8EB-237262155250}.Release|Any CPU.ActiveCfg = Release|Any CPU
		{C3CB81E9-09FD-4A2D-A8EB-237262155250}.Release|Any CPU.Build.0 = Release|Any CPU
		{C3CB81E9-09FD-4A2D-A8EB-237262155250}.Release|x64.ActiveCfg = Release|Any CPU
		{C3CB81E9-09FD-4A2D-A8EB-237262155250}.Release|x64.Build.0 = Release|Any CPU
		{C3CB81E9-09FD-4A2D-A8EB-237262155250}.Release|x86.ActiveCfg = Release|Any CPU
		{C3CB81E9-09FD-4A2D-A8EB-237262155250}.Release|x86.Build.0 = Release|Any CPU
		{65B9B269-7029-40C6-9785-393C2374DDD6}.Debug|Any CPU.ActiveCfg = Debug|Any CPU
		{65B9B269-7029-40C6-9785-393C2374DDD6}.Debug|Any CPU.Build.0 = Debug|Any CPU
		{65B9B269-7029-40C6-9785-393C2374DDD6}.Debug|x64.ActiveCfg = Debug|Any CPU
		{65B9B269-7029-40C6-9785-393C2374DDD6}.Debug|x64.Build.0 = Debug|Any CPU
		{65B9B269-7029-40C6-9785-393C2374DDD6}.Debug|x86.ActiveCfg = Debug|Any CPU
		{65B9B269-7029-40C6-9785-393C2374DDD6}.Debug|x86.Build.0 = Debug|Any CPU
		{65B9B269-7029-40C6-9785-393C2374DDD6}.Release|Any CPU.ActiveCfg = Release|Any CPU
		{65B9B269-7029-40C6-9785-393C2374DDD6}.Release|Any CPU.Build.0 = Release|Any CPU
		{65B9B269-7029-40C6-9785-393C2374DDD6}.Release|x64.ActiveCfg = Release|Any CPU
		{65B9B269-7029-40C6-9785-393C2374DDD6}.Release|x64.Build.0 = Release|Any CPU
		{65B9B269-7029-40C6-9785-393C2374DDD6}.Release|x86.ActiveCfg = Release|Any CPU
		{65B9B269-7029-40C6-9785-393C2374DDD6}.Release|x86.Build.0 = Release|Any CPU
		{319808F9-22D6-45D2-80D7-2094243022BF}.Debug|Any CPU.ActiveCfg = Debug|Any CPU
		{319808F9-22D6-45D2-80D7-2094243022BF}.Debug|Any CPU.Build.0 = Debug|Any CPU
		{319808F9-22D6-45D2-80D7-2094243022BF}.Debug|x64.ActiveCfg = Debug|Any CPU
		{319808F9-22D6-45D2-80D7-2094243022BF}.Debug|x64.Build.0 = Debug|Any CPU
		{319808F9-22D6-45D2-80D7-2094243022BF}.Debug|x86.ActiveCfg = Debug|Any CPU
		{319808F9-22D6-45D2-80D7-2094243022BF}.Debug|x86.Build.0 = Debug|Any CPU
		{319808F9-22D6-45D2-80D7-2094243022BF}.Release|Any CPU.ActiveCfg = Release|Any CPU
		{319808F9-22D6-45D2-80D7-2094243022BF}.Release|Any CPU.Build.0 = Release|Any CPU
		{319808F9-22D6-45D2-80D7-2094243022BF}.Release|x64.ActiveCfg = Release|Any CPU
		{319808F9-22D6-45D2-80D7-2094243022BF}.Release|x64.Build.0 = Release|Any CPU
		{319808F9-22D6-45D2-80D7-2094243022BF}.Release|x86.ActiveCfg = Release|Any CPU
		{319808F9-22D6-45D2-80D7-2094243022BF}.Release|x86.Build.0 = Release|Any CPU
		{F6CBA01A-1BF5-4913-8E71-93BB77B3158A}.Debug|Any CPU.ActiveCfg = Debug|Any CPU
		{F6CBA01A-1BF5-4913-8E71-93BB77B3158A}.Debug|Any CPU.Build.0 = Debug|Any CPU
		{F6CBA01A-1BF5-4913-8E71-93BB77B3158A}.Debug|x64.ActiveCfg = Debug|Any CPU
		{F6CBA01A-1BF5-4913-8E71-93BB77B3158A}.Debug|x64.Build.0 = Debug|Any CPU
		{F6CBA01A-1BF5-4913-8E71-93BB77B3158A}.Debug|x86.ActiveCfg = Debug|Any CPU
		{F6CBA01A-1BF5-4913-8E71-93BB77B3158A}.Debug|x86.Build.0 = Debug|Any CPU
		{F6CBA01A-1BF5-4913-8E71-93BB77B3158A}.Release|Any CPU.ActiveCfg = Release|Any CPU
		{F6CBA01A-1BF5-4913-8E71-93BB77B3158A}.Release|Any CPU.Build.0 = Release|Any CPU
		{F6CBA01A-1BF5-4913-8E71-93BB77B3158A}.Release|x64.ActiveCfg = Release|Any CPU
		{F6CBA01A-1BF5-4913-8E71-93BB77B3158A}.Release|x64.Build.0 = Release|Any CPU
		{F6CBA01A-1BF5-4913-8E71-93BB77B3158A}.Release|x86.ActiveCfg = Release|Any CPU
		{F6CBA01A-1BF5-4913-8E71-93BB77B3158A}.Release|x86.Build.0 = Release|Any CPU
	EndGlobalSection
	GlobalSection(SolutionProperties) = preSolution
		HideSolutionNode = FALSE
	EndGlobalSection
	GlobalSection(NestedProjects) = preSolution
		{90298CBA-BD6F-3A0A-69D5-97CAD7B05E7E} = {827E0CD3-B72D-47B6-A68D-7590B98EB39B}
		{5450A176-D38E-419B-8F34-01E29090FC18} = {90298CBA-BD6F-3A0A-69D5-97CAD7B05E7E}
		{BE959650-04FC-4FDF-B172-9F42A6EF63E8} = {90298CBA-BD6F-3A0A-69D5-97CAD7B05E7E}
		{64430F25-4D2E-455F-AF62-0CAF2C171390} = {90298CBA-BD6F-3A0A-69D5-97CAD7B05E7E}
		{82C0A581-0CBC-4C2B-A406-A8C037039F17} = {90298CBA-BD6F-3A0A-69D5-97CAD7B05E7E}
		{357B5B94-9005-43C0-A26B-6D9F1540810C} = {90298CBA-BD6F-3A0A-69D5-97CAD7B05E7E}
		{1CEC8A5E-4198-4557-B313-C113A2EE8704} = {90298CBA-BD6F-3A0A-69D5-97CAD7B05E7E}
		{8BE3CC2B-490E-435E-B308-8224D193A270} = {90298CBA-BD6F-3A0A-69D5-97CAD7B05E7E}
		{1B6303B6-EA04-4D74-9F04-0C3A63E5FDE8} = {90298CBA-BD6F-3A0A-69D5-97CAD7B05E7E}
		{341B57CD-FFA4-41D9-9DBD-2C4E1E4A4A2C} = {90298CBA-BD6F-3A0A-69D5-97CAD7B05E7E}
		{C30B122A-A12D-43C4-9152-2E383A857838} = {90298CBA-BD6F-3A0A-69D5-97CAD7B05E7E}
		{A6241D29-BF67-4746-828C-F200460386AF} = {90298CBA-BD6F-3A0A-69D5-97CAD7B05E7E}
		{38BDB3FE-6644-4AFE-A5C3-D0AF4DD44914} = {90298CBA-BD6F-3A0A-69D5-97CAD7B05E7E}
		{C3CB81E9-09FD-4A2D-A8EB-237262155250} = {90298CBA-BD6F-3A0A-69D5-97CAD7B05E7E}
		{65B9B269-7029-40C6-9785-393C2374DDD6} = {90298CBA-BD6F-3A0A-69D5-97CAD7B05E7E}
		{319808F9-22D6-45D2-80D7-2094243022BF} = {90298CBA-BD6F-3A0A-69D5-97CAD7B05E7E}
		{FCA01246-F2C6-0AA7-D43F-FD13BE0B9D88} = {827E0CD3-B72D-47B6-A68D-7590B98EB39B}
		{F6CBA01A-1BF5-4913-8E71-93BB77B3158A} = {FCA01246-F2C6-0AA7-D43F-FD13BE0B9D88}
	EndGlobalSection
EndGlobal
